// !$*UTF8*$!
{
	archiveVersion = 1;
	classes = {
	};
	objectVersion = 46;
	objects = {

/* Begin PBXBuildFile section */
		09E77F40D442DD862B0308B4 /* libPods-GymManager.a in Frameworks */ = {isa = PBXBuildFile; fileRef = BE7A8174D3CFE4CB610F82E6 /* libPods-GymManager.a */; };
		4017EDF61D6175A30033E0AE /* AddTransactionViewController.m in Sources */ = {isa = PBXBuildFile; fileRef = 4017EDF51D6175A30033E0AE /* AddTransactionViewController.m */; };
		40AB31241D5DB47400341359 /* Transaction.storyboard in Resources */ = {isa = PBXBuildFile; fileRef = 40AB31221D5DB47400341359 /* Transaction.storyboard */; };
		40AB31291D5DC4E700341359 /* TransactionCell.m in Sources */ = {isa = PBXBuildFile; fileRef = 40AB31271D5DC4E700341359 /* TransactionCell.m */; };
		40AB312A1D5DC4E700341359 /* TransactionCell.xib in Resources */ = {isa = PBXBuildFile; fileRef = 40AB31281D5DC4E700341359 /* TransactionCell.xib */; };
		40AB31311D5DD81000341359 /* ExpandableTableView.m in Sources */ = {isa = PBXBuildFile; fileRef = 40AB312E1D5DD81000341359 /* ExpandableTableView.m */; };
		40EA22E91D5E26FF00B08942 /* HeaderViewContent.xib in Resources */ = {isa = PBXBuildFile; fileRef = 40EA22E81D5E26FE00B08942 /* HeaderViewContent.xib */; };
		40EA22EC1D5E27C700B08942 /* HeaderViewContent.m in Sources */ = {isa = PBXBuildFile; fileRef = 40EA22EB1D5E27C700B08942 /* HeaderViewContent.m */; };
		EF08095E1D5C8261007A8EAE /* main.m in Sources */ = {isa = PBXBuildFile; fileRef = EF08095D1D5C8261007A8EAE /* main.m */; };
		EF0809671D5C8261007A8EAE /* Main.storyboard in Resources */ = {isa = PBXBuildFile; fileRef = EF0809651D5C8261007A8EAE /* Main.storyboard */; };
		EF0809691D5C8261007A8EAE /* Assets.xcassets in Resources */ = {isa = PBXBuildFile; fileRef = EF0809681D5C8261007A8EAE /* Assets.xcassets */; };
		EF08096C1D5C8261007A8EAE /* LaunchScreen.storyboard in Resources */ = {isa = PBXBuildFile; fileRef = EF08096A1D5C8261007A8EAE /* LaunchScreen.storyboard */; };
		EF0809801D5C89AB007A8EAE /* AppDelegate.m in Sources */ = {isa = PBXBuildFile; fileRef = EF08097F1D5C89AB007A8EAE /* AppDelegate.m */; };
		EF0809891D5C8D3F007A8EAE /* BaseViewController.m in Sources */ = {isa = PBXBuildFile; fileRef = EF0809881D5C8D3F007A8EAE /* BaseViewController.m */; };
		EF08098B1D5C8D69007A8EAE /* TodayMeetingsViewController.m in Sources */ = {isa = PBXBuildFile; fileRef = EF08098A1D5C8D69007A8EAE /* TodayMeetingsViewController.m */; };
		EF0809931D5C954A007A8EAE /* PTMeetingViewController.m in Sources */ = {isa = PBXBuildFile; fileRef = EF0809921D5C954A007A8EAE /* PTMeetingViewController.m */; };
		EF0809981D5C97B6007A8EAE /* TransactionsViewController.m in Sources */ = {isa = PBXBuildFile; fileRef = EF0809971D5C97B6007A8EAE /* TransactionsViewController.m */; };
		EF08099B1D5C97C9007A8EAE /* MenuViewController.m in Sources */ = {isa = PBXBuildFile; fileRef = EF08099A1D5C97C9007A8EAE /* MenuViewController.m */; };
		EF870A751D5DA11200118D7C /* GymManagerConstant.m in Sources */ = {isa = PBXBuildFile; fileRef = EF870A741D5DA11200118D7C /* GymManagerConstant.m */; };
		EF870A831D5DB66700118D7C /* LoginViewController.m in Sources */ = {isa = PBXBuildFile; fileRef = EF870A821D5DB66700118D7C /* LoginViewController.m */; };
		EF870A861D5DBA9F00118D7C /* ic_key.png in Resources */ = {isa = PBXBuildFile; fileRef = EF870A841D5DBA9F00118D7C /* ic_key.png */; };
		EF870A871D5DBA9F00118D7C /* ic_user.png in Resources */ = {isa = PBXBuildFile; fileRef = EF870A851D5DBA9F00118D7C /* ic_user.png */; };
/* End PBXBuildFile section */

/* Begin PBXFileReference section */
		4017EDF41D6175A30033E0AE /* AddTransactionViewController.h */ = {isa = PBXFileReference; fileEncoding = 4; lastKnownFileType = sourcecode.c.h; name = AddTransactionViewController.h; path = ViewControllers/TransactionsViewController/AddTransactionViewController/AddTransactionViewController.h; sourceTree = "<group>"; };
		4017EDF51D6175A30033E0AE /* AddTransactionViewController.m */ = {isa = PBXFileReference; fileEncoding = 4; lastKnownFileType = sourcecode.c.objc; name = AddTransactionViewController.m; path = ViewControllers/TransactionsViewController/AddTransactionViewController/AddTransactionViewController.m; sourceTree = "<group>"; };
		40AB31231D5DB47400341359 /* Base */ = {isa = PBXFileReference; lastKnownFileType = file.storyboard; name = Base; path = Base.lproj/Transaction.storyboard; sourceTree = "<group>"; };
		40AB31261D5DC4E700341359 /* TransactionCell.h */ = {isa = PBXFileReference; fileEncoding = 4; lastKnownFileType = sourcecode.c.h; name = TransactionCell.h; path = ViewControllers/TransactionsViewController/TransactionCell/TransactionCell.h; sourceTree = "<group>"; };
		40AB31271D5DC4E700341359 /* TransactionCell.m */ = {isa = PBXFileReference; fileEncoding = 4; lastKnownFileType = sourcecode.c.objc; name = TransactionCell.m; path = ViewControllers/TransactionsViewController/TransactionCell/TransactionCell.m; sourceTree = "<group>"; };
		40AB31281D5DC4E700341359 /* TransactionCell.xib */ = {isa = PBXFileReference; fileEncoding = 4; lastKnownFileType = file.xib; name = TransactionCell.xib; path = ViewControllers/TransactionsViewController/TransactionCell/TransactionCell.xib; sourceTree = "<group>"; };
		40AB312D1D5DD81000341359 /* ExpandableTableView.h */ = {isa = PBXFileReference; fileEncoding = 4; lastKnownFileType = sourcecode.c.h; name = ExpandableTableView.h; path = Library/ExpandableTableView/ExpandableTableView.h; sourceTree = "<group>"; };
		40AB312E1D5DD81000341359 /* ExpandableTableView.m */ = {isa = PBXFileReference; fileEncoding = 4; lastKnownFileType = sourcecode.c.objc; name = ExpandableTableView.m; path = Library/ExpandableTableView/ExpandableTableView.m; sourceTree = "<group>"; };
		40EA22E81D5E26FE00B08942 /* HeaderViewContent.xib */ = {isa = PBXFileReference; fileEncoding = 4; lastKnownFileType = file.xib; name = HeaderViewContent.xib; path = Library/ExpandableTableView/HeaderViewContent.xib; sourceTree = "<group>"; };
		40EA22EA1D5E27C700B08942 /* HeaderViewContent.h */ = {isa = PBXFileReference; fileEncoding = 4; lastKnownFileType = sourcecode.c.h; name = HeaderViewContent.h; path = Library/ExpandableTableView/HeaderViewContent.h; sourceTree = "<group>"; };
		40EA22EB1D5E27C700B08942 /* HeaderViewContent.m */ = {isa = PBXFileReference; fileEncoding = 4; lastKnownFileType = sourcecode.c.objc; name = HeaderViewContent.m; path = Library/ExpandableTableView/HeaderViewContent.m; sourceTree = "<group>"; };
		BE7A8174D3CFE4CB610F82E6 /* libPods-GymManager.a */ = {isa = PBXFileReference; explicitFileType = archive.ar; includeInIndex = 0; path = "libPods-GymManager.a"; sourceTree = BUILT_PRODUCTS_DIR; };
		DE00B44097AD55AB45E9DCEA /* Pods-GymManager.release.xcconfig */ = {isa = PBXFileReference; includeInIndex = 1; lastKnownFileType = text.xcconfig; name = "Pods-GymManager.release.xcconfig"; path = "Pods/Target Support Files/Pods-GymManager/Pods-GymManager.release.xcconfig"; sourceTree = "<group>"; };
		EF0809591D5C8261007A8EAE /* GymManager.app */ = {isa = PBXFileReference; explicitFileType = wrapper.application; includeInIndex = 0; path = GymManager.app; sourceTree = BUILT_PRODUCTS_DIR; };
		EF08095D1D5C8261007A8EAE /* main.m */ = {isa = PBXFileReference; lastKnownFileType = sourcecode.c.objc; path = main.m; sourceTree = "<group>"; };
		EF0809661D5C8261007A8EAE /* Base */ = {isa = PBXFileReference; lastKnownFileType = file.storyboard; name = Base; path = Base.lproj/Main.storyboard; sourceTree = "<group>"; };
		EF0809681D5C8261007A8EAE /* Assets.xcassets */ = {isa = PBXFileReference; lastKnownFileType = folder.assetcatalog; path = Assets.xcassets; sourceTree = "<group>"; };
		EF08096B1D5C8261007A8EAE /* Base */ = {isa = PBXFileReference; lastKnownFileType = file.storyboard; name = Base; path = Base.lproj/LaunchScreen.storyboard; sourceTree = "<group>"; };
		EF08096D1D5C8261007A8EAE /* Info.plist */ = {isa = PBXFileReference; lastKnownFileType = text.plist.xml; path = Info.plist; sourceTree = "<group>"; };
		EF08097E1D5C89AB007A8EAE /* AppDelegate.h */ = {isa = PBXFileReference; fileEncoding = 4; lastKnownFileType = sourcecode.c.h; name = AppDelegate.h; path = AppDelegate/AppDelegate.h; sourceTree = "<group>"; };
		EF08097F1D5C89AB007A8EAE /* AppDelegate.m */ = {isa = PBXFileReference; fileEncoding = 4; lastKnownFileType = sourcecode.c.objc; name = AppDelegate.m; path = AppDelegate/AppDelegate.m; sourceTree = "<group>"; };
		EF0809841D5C8BA0007A8EAE /* GymManager-PrefixHeader.pch */ = {isa = PBXFileReference; lastKnownFileType = sourcecode.c.h; path = "GymManager-PrefixHeader.pch"; sourceTree = SOURCE_ROOT; };
		EF0809871D5C8D3F007A8EAE /* BaseViewController.h */ = {isa = PBXFileReference; fileEncoding = 4; lastKnownFileType = sourcecode.c.h; name = BaseViewController.h; path = ViewControllers/BaseViewController/BaseViewController.h; sourceTree = "<group>"; };
		EF0809881D5C8D3F007A8EAE /* BaseViewController.m */ = {isa = PBXFileReference; fileEncoding = 4; lastKnownFileType = sourcecode.c.objc; name = BaseViewController.m; path = ViewControllers/BaseViewController/BaseViewController.m; sourceTree = "<group>"; };
		EF08098A1D5C8D69007A8EAE /* TodayMeetingsViewController.m */ = {isa = PBXFileReference; fileEncoding = 4; lastKnownFileType = sourcecode.c.objc; name = TodayMeetingsViewController.m; path = ViewControllers/TodayMeetingsViewController/TodayMeetingsViewController.m; sourceTree = "<group>"; };
		EF08098C1D5C8D71007A8EAE /* TodayMeetingsViewController.h */ = {isa = PBXFileReference; fileEncoding = 4; lastKnownFileType = sourcecode.c.h; name = TodayMeetingsViewController.h; path = ViewControllers/TodayMeetingsViewController/TodayMeetingsViewController.h; sourceTree = "<group>"; };
		EF0809911D5C954A007A8EAE /* PTMeetingViewController.h */ = {isa = PBXFileReference; fileEncoding = 4; lastKnownFileType = sourcecode.c.h; name = PTMeetingViewController.h; path = ViewControllers/PTMeetingViewController/PTMeetingViewController.h; sourceTree = "<group>"; };
		EF0809921D5C954A007A8EAE /* PTMeetingViewController.m */ = {isa = PBXFileReference; fileEncoding = 4; lastKnownFileType = sourcecode.c.objc; name = PTMeetingViewController.m; path = ViewControllers/PTMeetingViewController/PTMeetingViewController.m; sourceTree = "<group>"; };
		EF0809961D5C97B6007A8EAE /* TransactionsViewController.h */ = {isa = PBXFileReference; fileEncoding = 4; lastKnownFileType = sourcecode.c.h; name = TransactionsViewController.h; path = ViewControllers/TransactionsViewController/TransactionsViewController.h; sourceTree = "<group>"; };
		EF0809971D5C97B6007A8EAE /* TransactionsViewController.m */ = {isa = PBXFileReference; fileEncoding = 4; lastKnownFileType = sourcecode.c.objc; name = TransactionsViewController.m; path = ViewControllers/TransactionsViewController/TransactionsViewController.m; sourceTree = "<group>"; };
		EF0809991D5C97C9007A8EAE /* MenuViewController.h */ = {isa = PBXFileReference; fileEncoding = 4; lastKnownFileType = sourcecode.c.h; name = MenuViewController.h; path = ViewControllers/MenuViewController/MenuViewController.h; sourceTree = "<group>"; };
		EF08099A1D5C97C9007A8EAE /* MenuViewController.m */ = {isa = PBXFileReference; fileEncoding = 4; lastKnownFileType = sourcecode.c.objc; name = MenuViewController.m; path = ViewControllers/MenuViewController/MenuViewController.m; sourceTree = "<group>"; };
		EF870A731D5DA11200118D7C /* GymManagerConstant.h */ = {isa = PBXFileReference; fileEncoding = 4; lastKnownFileType = sourcecode.c.h; name = GymManagerConstant.h; path = GymManagerConstant/GymManagerConstant.h; sourceTree = "<group>"; };
		EF870A741D5DA11200118D7C /* GymManagerConstant.m */ = {isa = PBXFileReference; fileEncoding = 4; lastKnownFileType = sourcecode.c.objc; name = GymManagerConstant.m; path = GymManagerConstant/GymManagerConstant.m; sourceTree = "<group>"; };
		EF870A811D5DB66700118D7C /* LoginViewController.h */ = {isa = PBXFileReference; fileEncoding = 4; lastKnownFileType = sourcecode.c.h; name = LoginViewController.h; path = ViewControllers/LoginViewController/LoginViewController.h; sourceTree = "<group>"; };
		EF870A821D5DB66700118D7C /* LoginViewController.m */ = {isa = PBXFileReference; fileEncoding = 4; lastKnownFileType = sourcecode.c.objc; name = LoginViewController.m; path = ViewControllers/LoginViewController/LoginViewController.m; sourceTree = "<group>"; };
		EF870A841D5DBA9F00118D7C /* ic_key.png */ = {isa = PBXFileReference; lastKnownFileType = image.png; name = ic_key.png; path = Resources/ic_key.png; sourceTree = "<group>"; };
		EF870A851D5DBA9F00118D7C /* ic_user.png */ = {isa = PBXFileReference; lastKnownFileType = image.png; name = ic_user.png; path = Resources/ic_user.png; sourceTree = "<group>"; };
		F5306E0927E6108D1261CCE5 /* Pods-GymManager.debug.xcconfig */ = {isa = PBXFileReference; includeInIndex = 1; lastKnownFileType = text.xcconfig; name = "Pods-GymManager.debug.xcconfig"; path = "Pods/Target Support Files/Pods-GymManager/Pods-GymManager.debug.xcconfig"; sourceTree = "<group>"; };
/* End PBXFileReference section */

/* Begin PBXFrameworksBuildPhase section */
		EF0809561D5C8261007A8EAE /* Frameworks */ = {
			isa = PBXFrameworksBuildPhase;
			buildActionMask = 2147483647;
			files = (
				09E77F40D442DD862B0308B4 /* libPods-GymManager.a in Frameworks */,
			);
			runOnlyForDeploymentPostprocessing = 0;
		};
/* End PBXFrameworksBuildPhase section */

/* Begin PBXGroup section */
		1D4174958507B89DD01F6CF4 /* Frameworks */ = {
			isa = PBXGroup;
			children = (
				BE7A8174D3CFE4CB610F82E6 /* libPods-GymManager.a */,
			);
			name = Frameworks;
			sourceTree = "<group>";
		};
		32C4EBABD282F52A99C45A20 /* Pods */ = {
			isa = PBXGroup;
			children = (
				F5306E0927E6108D1261CCE5 /* Pods-GymManager.debug.xcconfig */,
				DE00B44097AD55AB45E9DCEA /* Pods-GymManager.release.xcconfig */,
			);
			name = Pods;
			sourceTree = "<group>";
		};
		4017EDF31D6175650033E0AE /* AddTransactionViewController */ = {
			isa = PBXGroup;
			children = (
				4017EDF41D6175A30033E0AE /* AddTransactionViewController.h */,
				4017EDF51D6175A30033E0AE /* AddTransactionViewController.m */,
			);
			name = AddTransactionViewController;
			sourceTree = "<group>";
		};
		40AB31251D5DC1B300341359 /* TransactionCell */ = {
			isa = PBXGroup;
			children = (
				40AB31261D5DC4E700341359 /* TransactionCell.h */,
				40AB31271D5DC4E700341359 /* TransactionCell.m */,
				40AB31281D5DC4E700341359 /* TransactionCell.xib */,
			);
			name = TransactionCell;
			sourceTree = "<group>";
		};
		40AB312B1D5DD7D800341359 /* Library */ = {
			isa = PBXGroup;
			children = (
				40AB312C1D5DD80600341359 /* ExpandableTableView */,
			);
			name = Library;
			sourceTree = "<group>";
		};
		40AB312C1D5DD80600341359 /* ExpandableTableView */ = {
			isa = PBXGroup;
			children = (
				40AB312D1D5DD81000341359 /* ExpandableTableView.h */,
				40AB312E1D5DD81000341359 /* ExpandableTableView.m */,
				40EA22E81D5E26FE00B08942 /* HeaderViewContent.xib */,
				40EA22EA1D5E27C700B08942 /* HeaderViewContent.h */,
				40EA22EB1D5E27C700B08942 /* HeaderViewContent.m */,
			);
			name = ExpandableTableView;
			sourceTree = "<group>";
		};
		EF0809501D5C8261007A8EAE = {
			isa = PBXGroup;
			children = (
				EF08095B1D5C8261007A8EAE /* GymManager */,
				EF08095A1D5C8261007A8EAE /* Products */,
				32C4EBABD282F52A99C45A20 /* Pods */,
				1D4174958507B89DD01F6CF4 /* Frameworks */,
			);
			sourceTree = "<group>";
		};
		EF08095A1D5C8261007A8EAE /* Products */ = {
			isa = PBXGroup;
			children = (
				EF0809591D5C8261007A8EAE /* GymManager.app */,
			);
			name = Products;
			sourceTree = "<group>";
		};
		EF08095B1D5C8261007A8EAE /* GymManager */ = {
			isa = PBXGroup;
			children = (
				40AB312B1D5DD7D800341359 /* Library */,
				EF870A6F1D5D8A9800118D7C /* GymManagerConstant */,
				EF0809731D5C8558007A8EAE /* HandleAPI */,
				EF0809771D5C8730007A8EAE /* ViewControllers */,
				EF0809851D5C8C1B007A8EAE /* Service */,
				EF0809791D5C874B007A8EAE /* Model */,
				EF08097B1D5C8890007A8EAE /* Storyboard */,
				EF0809781D5C8743007A8EAE /* Resources */,
				EF0809681D5C8261007A8EAE /* Assets.xcassets */,
				EF08096A1D5C8261007A8EAE /* LaunchScreen.storyboard */,
				EF08096D1D5C8261007A8EAE /* Info.plist */,
				EF08095C1D5C8261007A8EAE /* Supporting Files */,
			);
			path = GymManager;
			sourceTree = "<group>";
		};
		EF08095C1D5C8261007A8EAE /* Supporting Files */ = {
			isa = PBXGroup;
			children = (
				EF0809841D5C8BA0007A8EAE /* GymManager-PrefixHeader.pch */,
				EF08095D1D5C8261007A8EAE /* main.m */,
			);
			name = "Supporting Files";
			sourceTree = "<group>";
		};
		EF0809731D5C8558007A8EAE /* HandleAPI */ = {
			isa = PBXGroup;
			children = (
			);
			name = HandleAPI;
			sourceTree = "<group>";
		};
		EF0809771D5C8730007A8EAE /* ViewControllers */ = {
			isa = PBXGroup;
			children = (
				EF08097C1D5C88B2007A8EAE /* AppDelegate */,
				EF0809861D5C8D03007A8EAE /* BaseViewController */,
				EF870A801D5DB64D00118D7C /* LoginViewController */,
				EF08097A1D5C8881007A8EAE /* TodayMettingViewController */,
				EF0809901D5C94C2007A8EAE /* PTMeetingViewController */,
				EF0809941D5C975E007A8EAE /* TransactionsViewController */,
				EF0809951D5C976D007A8EAE /* MenuViewController */,
			);
			name = ViewControllers;
			sourceTree = "<group>";
		};
		EF0809781D5C8743007A8EAE /* Resources */ = {
			isa = PBXGroup;
			children = (
				EF870A841D5DBA9F00118D7C /* ic_key.png */,
				EF870A851D5DBA9F00118D7C /* ic_user.png */,
			);
			name = Resources;
			sourceTree = "<group>";
		};
		EF0809791D5C874B007A8EAE /* Model */ = {
			isa = PBXGroup;
			children = (
			);
			name = Model;
			sourceTree = "<group>";
		};
		EF08097A1D5C8881007A8EAE /* TodayMettingViewController */ = {
			isa = PBXGroup;
			children = (
				EF08098C1D5C8D71007A8EAE /* TodayMeetingsViewController.h */,
				EF08098A1D5C8D69007A8EAE /* TodayMeetingsViewController.m */,
			);
			name = TodayMettingViewController;
			sourceTree = "<group>";
		};
		EF08097B1D5C8890007A8EAE /* Storyboard */ = {
			isa = PBXGroup;
			children = (
				EF0809651D5C8261007A8EAE /* Main.storyboard */,
				40AB31221D5DB47400341359 /* Transaction.storyboard */,
			);
			name = Storyboard;
			sourceTree = "<group>";
		};
		EF08097C1D5C88B2007A8EAE /* AppDelegate */ = {
			isa = PBXGroup;
			children = (
				EF08097E1D5C89AB007A8EAE /* AppDelegate.h */,
				EF08097F1D5C89AB007A8EAE /* AppDelegate.m */,
			);
			name = AppDelegate;
			sourceTree = "<group>";
		};
		EF0809851D5C8C1B007A8EAE /* Service */ = {
			isa = PBXGroup;
			children = (
			);
			name = Service;
			sourceTree = "<group>";
		};
		EF0809861D5C8D03007A8EAE /* BaseViewController */ = {
			isa = PBXGroup;
			children = (
				EF0809871D5C8D3F007A8EAE /* BaseViewController.h */,
				EF0809881D5C8D3F007A8EAE /* BaseViewController.m */,
			);
			name = BaseViewController;
			sourceTree = "<group>";
		};
		EF0809901D5C94C2007A8EAE /* PTMeetingViewController */ = {
			isa = PBXGroup;
			children = (
				EF0809911D5C954A007A8EAE /* PTMeetingViewController.h */,
				EF0809921D5C954A007A8EAE /* PTMeetingViewController.m */,
			);
			name = PTMeetingViewController;
			sourceTree = "<group>";
		};
		EF0809941D5C975E007A8EAE /* TransactionsViewController */ = {
			isa = PBXGroup;
			children = (
				4017EDF31D6175650033E0AE /* AddTransactionViewController */,
				40AB31251D5DC1B300341359 /* TransactionCell */,
				EF0809961D5C97B6007A8EAE /* TransactionsViewController.h */,
				EF0809971D5C97B6007A8EAE /* TransactionsViewController.m */,
			);
			name = TransactionsViewController;
			sourceTree = "<group>";
		};
		EF0809951D5C976D007A8EAE /* MenuViewController */ = {
			isa = PBXGroup;
			children = (
				EF0809991D5C97C9007A8EAE /* MenuViewController.h */,
				EF08099A1D5C97C9007A8EAE /* MenuViewController.m */,
			);
			name = MenuViewController;
			sourceTree = "<group>";
		};
		EF870A6F1D5D8A9800118D7C /* GymManagerConstant */ = {
			isa = PBXGroup;
			children = (
				EF870A731D5DA11200118D7C /* GymManagerConstant.h */,
				EF870A741D5DA11200118D7C /* GymManagerConstant.m */,
			);
			name = GymManagerConstant;
			sourceTree = "<group>";
		};
		EF870A801D5DB64D00118D7C /* LoginViewController */ = {
			isa = PBXGroup;
			children = (
				EF870A811D5DB66700118D7C /* LoginViewController.h */,
				EF870A821D5DB66700118D7C /* LoginViewController.m */,
			);
			name = LoginViewController;
			sourceTree = "<group>";
		};
/* End PBXGroup section */

/* Begin PBXNativeTarget section */
		EF0809581D5C8261007A8EAE /* GymManager */ = {
			isa = PBXNativeTarget;
			buildConfigurationList = EF0809701D5C8261007A8EAE /* Build configuration list for PBXNativeTarget "GymManager" */;
			buildPhases = (
				DD7EBBF693AE50E41FD35A1B /* [CP] Check Pods Manifest.lock */,
				EF0809551D5C8261007A8EAE /* Sources */,
				EF0809561D5C8261007A8EAE /* Frameworks */,
				EF0809571D5C8261007A8EAE /* Resources */,
				1BBFCB2026E126A5B6981F23 /* [CP] Embed Pods Frameworks */,
				510E3B6B6C758DFA5283414C /* [CP] Copy Pods Resources */,
			);
			buildRules = (
			);
			dependencies = (
			);
			name = GymManager;
			productName = GymManager;
			productReference = EF0809591D5C8261007A8EAE /* GymManager.app */;
			productType = "com.apple.product-type.application";
		};
/* End PBXNativeTarget section */

/* Begin PBXProject section */
		EF0809511D5C8261007A8EAE /* Project object */ = {
			isa = PBXProject;
			attributes = {
				LastUpgradeCheck = 0700;
				ORGANIZATIONNAME = vantientu;
				TargetAttributes = {
					EF0809581D5C8261007A8EAE = {
						CreatedOnToolsVersion = 7.0.1;
						DevelopmentTeam = Q34VKJFVAS;
					};
				};
			};
			buildConfigurationList = EF0809541D5C8261007A8EAE /* Build configuration list for PBXProject "GymManager" */;
			compatibilityVersion = "Xcode 3.2";
			developmentRegion = English;
			hasScannedForEncodings = 0;
			knownRegions = (
				en,
				Base,
			);
			mainGroup = EF0809501D5C8261007A8EAE;
			productRefGroup = EF08095A1D5C8261007A8EAE /* Products */;
			projectDirPath = "";
			projectRoot = "";
			targets = (
				EF0809581D5C8261007A8EAE /* GymManager */,
			);
		};
/* End PBXProject section */

/* Begin PBXResourcesBuildPhase section */
		EF0809571D5C8261007A8EAE /* Resources */ = {
			isa = PBXResourcesBuildPhase;
			buildActionMask = 2147483647;
			files = (
				EF08096C1D5C8261007A8EAE /* LaunchScreen.storyboard in Resources */,
				EF870A861D5DBA9F00118D7C /* ic_key.png in Resources */,
				EF0809691D5C8261007A8EAE /* Assets.xcassets in Resources */,
				EF0809671D5C8261007A8EAE /* Main.storyboard in Resources */,
				EF870A871D5DBA9F00118D7C /* ic_user.png in Resources */,
				40EA22E91D5E26FF00B08942 /* HeaderViewContent.xib in Resources */,
				40AB31241D5DB47400341359 /* Transaction.storyboard in Resources */,
				40AB312A1D5DC4E700341359 /* TransactionCell.xib in Resources */,
			);
			runOnlyForDeploymentPostprocessing = 0;
		};
/* End PBXResourcesBuildPhase section */

/* Begin PBXShellScriptBuildPhase section */
		1BBFCB2026E126A5B6981F23 /* [CP] Embed Pods Frameworks */ = {
			isa = PBXShellScriptBuildPhase;
			buildActionMask = 2147483647;
			files = (
			);
			inputPaths = (
			);
			name = "[CP] Embed Pods Frameworks";
			outputPaths = (
			);
			runOnlyForDeploymentPostprocessing = 0;
			shellPath = /bin/sh;
			shellScript = "\"${SRCROOT}/Pods/Target Support Files/Pods-GymManager/Pods-GymManager-frameworks.sh\"\n";
			showEnvVarsInLog = 0;
		};
		510E3B6B6C758DFA5283414C /* [CP] Copy Pods Resources */ = {
			isa = PBXShellScriptBuildPhase;
			buildActionMask = 2147483647;
			files = (
			);
			inputPaths = (
			);
			name = "[CP] Copy Pods Resources";
			outputPaths = (
			);
			runOnlyForDeploymentPostprocessing = 0;
			shellPath = /bin/sh;
			shellScript = "\"${SRCROOT}/Pods/Target Support Files/Pods-GymManager/Pods-GymManager-resources.sh\"\n";
			showEnvVarsInLog = 0;
		};
		DD7EBBF693AE50E41FD35A1B /* [CP] Check Pods Manifest.lock */ = {
			isa = PBXShellScriptBuildPhase;
			buildActionMask = 2147483647;
			files = (
			);
			inputPaths = (
			);
			name = "[CP] Check Pods Manifest.lock";
			outputPaths = (
			);
			runOnlyForDeploymentPostprocessing = 0;
			shellPath = /bin/sh;
			shellScript = "diff \"${PODS_ROOT}/../Podfile.lock\" \"${PODS_ROOT}/Manifest.lock\" > /dev/null\nif [[ $? != 0 ]] ; then\n    cat << EOM\nerror: The sandbox is not in sync with the Podfile.lock. Run 'pod install' or update your CocoaPods installation.\nEOM\n    exit 1\nfi\n";
			showEnvVarsInLog = 0;
		};
/* End PBXShellScriptBuildPhase section */

/* Begin PBXSourcesBuildPhase section */
		EF0809551D5C8261007A8EAE /* Sources */ = {
			isa = PBXSourcesBuildPhase;
			buildActionMask = 2147483647;
			files = (
				EF08098B1D5C8D69007A8EAE /* TodayMeetingsViewController.m in Sources */,
				4017EDF61D6175A30033E0AE /* AddTransactionViewController.m in Sources */,
				40EA22EC1D5E27C700B08942 /* HeaderViewContent.m in Sources */,
				EF870A751D5DA11200118D7C /* GymManagerConstant.m in Sources */,
				EF0809891D5C8D3F007A8EAE /* BaseViewController.m in Sources */,
				EF0809931D5C954A007A8EAE /* PTMeetingViewController.m in Sources */,
				EF08099B1D5C97C9007A8EAE /* MenuViewController.m in Sources */,
				EF870A831D5DB66700118D7C /* LoginViewController.m in Sources */,
				40AB31291D5DC4E700341359 /* TransactionCell.m in Sources */,
				EF0809981D5C97B6007A8EAE /* TransactionsViewController.m in Sources */,
				40AB31311D5DD81000341359 /* ExpandableTableView.m in Sources */,
				EF08095E1D5C8261007A8EAE /* main.m in Sources */,
				EF0809801D5C89AB007A8EAE /* AppDelegate.m in Sources */,
			);
			runOnlyForDeploymentPostprocessing = 0;
		};
/* End PBXSourcesBuildPhase section */

/* Begin PBXVariantGroup section */
		40AB31221D5DB47400341359 /* Transaction.storyboard */ = {
			isa = PBXVariantGroup;
			children = (
				40AB31231D5DB47400341359 /* Base */,
			);
			name = Transaction.storyboard;
			sourceTree = "<group>";
		};
		EF0809651D5C8261007A8EAE /* Main.storyboard */ = {
			isa = PBXVariantGroup;
			children = (
				EF0809661D5C8261007A8EAE /* Base */,
			);
			name = Main.storyboard;
			sourceTree = "<group>";
		};
		EF08096A1D5C8261007A8EAE /* LaunchScreen.storyboard */ = {
			isa = PBXVariantGroup;
			children = (
				EF08096B1D5C8261007A8EAE /* Base */,
			);
			name = LaunchScreen.storyboard;
			sourceTree = "<group>";
		};
/* End PBXVariantGroup section */

/* Begin XCBuildConfiguration section */
		EF08096E1D5C8261007A8EAE /* Debug */ = {
			isa = XCBuildConfiguration;
			buildSettings = {
				ALWAYS_SEARCH_USER_PATHS = NO;
				CLANG_CXX_LANGUAGE_STANDARD = "gnu++0x";
				CLANG_CXX_LIBRARY = "libc++";
				CLANG_ENABLE_MODULES = YES;
				CLANG_ENABLE_OBJC_ARC = YES;
				CLANG_WARN_BOOL_CONVERSION = YES;
				CLANG_WARN_CONSTANT_CONVERSION = YES;
				CLANG_WARN_DIRECT_OBJC_ISA_USAGE = YES_ERROR;
				CLANG_WARN_EMPTY_BODY = YES;
				CLANG_WARN_ENUM_CONVERSION = YES;
				CLANG_WARN_INT_CONVERSION = YES;
				CLANG_WARN_OBJC_ROOT_CLASS = YES_ERROR;
				CLANG_WARN_UNREACHABLE_CODE = YES;
				CLANG_WARN__DUPLICATE_METHOD_MATCH = YES;
				"CODE_SIGN_IDENTITY[sdk=iphoneos*]" = "iPhone Developer";
				COPY_PHASE_STRIP = NO;
				DEBUG_INFORMATION_FORMAT = dwarf;
				ENABLE_STRICT_OBJC_MSGSEND = YES;
				ENABLE_TESTABILITY = YES;
				GCC_C_LANGUAGE_STANDARD = gnu99;
				GCC_DYNAMIC_NO_PIC = NO;
				GCC_NO_COMMON_BLOCKS = YES;
				GCC_OPTIMIZATION_LEVEL = 0;
				GCC_PREPROCESSOR_DEFINITIONS = (
					"DEBUG=1",
					"$(inherited)",
				);
				GCC_WARN_64_TO_32_BIT_CONVERSION = YES;
				GCC_WARN_ABOUT_RETURN_TYPE = YES_ERROR;
				GCC_WARN_UNDECLARED_SELECTOR = YES;
				GCC_WARN_UNINITIALIZED_AUTOS = YES_AGGRESSIVE;
				GCC_WARN_UNUSED_FUNCTION = YES;
				GCC_WARN_UNUSED_VARIABLE = YES;
				IPHONEOS_DEPLOYMENT_TARGET = 9.0;
				MTL_ENABLE_DEBUG_INFO = YES;
				ONLY_ACTIVE_ARCH = YES;
				SDKROOT = iphoneos;
			};
			name = Debug;
		};
		EF08096F1D5C8261007A8EAE /* Release */ = {
			isa = XCBuildConfiguration;
			buildSettings = {
				ALWAYS_SEARCH_USER_PATHS = NO;
				CLANG_CXX_LANGUAGE_STANDARD = "gnu++0x";
				CLANG_CXX_LIBRARY = "libc++";
				CLANG_ENABLE_MODULES = YES;
				CLANG_ENABLE_OBJC_ARC = YES;
				CLANG_WARN_BOOL_CONVERSION = YES;
				CLANG_WARN_CONSTANT_CONVERSION = YES;
				CLANG_WARN_DIRECT_OBJC_ISA_USAGE = YES_ERROR;
				CLANG_WARN_EMPTY_BODY = YES;
				CLANG_WARN_ENUM_CONVERSION = YES;
				CLANG_WARN_INT_CONVERSION = YES;
				CLANG_WARN_OBJC_ROOT_CLASS = YES_ERROR;
				CLANG_WARN_UNREACHABLE_CODE = YES;
				CLANG_WARN__DUPLICATE_METHOD_MATCH = YES;
				"CODE_SIGN_IDENTITY[sdk=iphoneos*]" = "iPhone Developer";
				COPY_PHASE_STRIP = NO;
				DEBUG_INFORMATION_FORMAT = "dwarf-with-dsym";
				ENABLE_NS_ASSERTIONS = NO;
				ENABLE_STRICT_OBJC_MSGSEND = YES;
				GCC_C_LANGUAGE_STANDARD = gnu99;
				GCC_NO_COMMON_BLOCKS = YES;
				GCC_WARN_64_TO_32_BIT_CONVERSION = YES;
				GCC_WARN_ABOUT_RETURN_TYPE = YES_ERROR;
				GCC_WARN_UNDECLARED_SELECTOR = YES;
				GCC_WARN_UNINITIALIZED_AUTOS = YES_AGGRESSIVE;
				GCC_WARN_UNUSED_FUNCTION = YES;
				GCC_WARN_UNUSED_VARIABLE = YES;
				IPHONEOS_DEPLOYMENT_TARGET = 9.0;
				MTL_ENABLE_DEBUG_INFO = NO;
				SDKROOT = iphoneos;
				VALIDATE_PRODUCT = YES;
			};
			name = Release;
		};
		EF0809711D5C8261007A8EAE /* Debug */ = {
			isa = XCBuildConfiguration;
			baseConfigurationReference = F5306E0927E6108D1261CCE5 /* Pods-GymManager.debug.xcconfig */;
			buildSettings = {
				ASSETCATALOG_COMPILER_APPICON_NAME = AppIcon;
				CODE_SIGN_IDENTITY = "iPhone Developer";
				"CODE_SIGN_IDENTITY[sdk=iphoneos*]" = "iPhone Developer";
				GCC_PRECOMPILE_PREFIX_HEADER = YES;
				GCC_PREFIX_HEADER = "$(SRCROOT)/GymManager-PrefixHeader.pch";
				INFOPLIST_FILE = GymManager/Info.plist;
				IPHONEOS_DEPLOYMENT_TARGET = 8.0;
				LD_RUNPATH_SEARCH_PATHS = "$(inherited) @executable_path/Frameworks";
				PRODUCT_BUNDLE_IDENTIFIER = com.vantientu.GymManager;
				PRODUCT_NAME = "$(TARGET_NAME)";
				PROVISIONING_PROFILE = "";
			};
			name = Debug;
		};
		EF0809721D5C8261007A8EAE /* Release */ = {
			isa = XCBuildConfiguration;
			baseConfigurationReference = DE00B44097AD55AB45E9DCEA /* Pods-GymManager.release.xcconfig */;
			buildSettings = {
				ASSETCATALOG_COMPILER_APPICON_NAME = AppIcon;
				CODE_SIGN_IDENTITY = "iPhone Developer";
				"CODE_SIGN_IDENTITY[sdk=iphoneos*]" = "iPhone Developer";
				GCC_PRECOMPILE_PREFIX_HEADER = YES;
				GCC_PREFIX_HEADER = "$(SRCROOT)/GymManager-PrefixHeader.pch";
				INFOPLIST_FILE = GymManager/Info.plist;
				IPHONEOS_DEPLOYMENT_TARGET = 8.0;
				LD_RUNPATH_SEARCH_PATHS = "$(inherited) @executable_path/Frameworks";
				PRODUCT_BUNDLE_IDENTIFIER = com.vantientu.GymManager;
				PRODUCT_NAME = "$(TARGET_NAME)";
				PROVISIONING_PROFILE = "";
			};
			name = Release;
		};
/* End XCBuildConfiguration section */

/* Begin XCConfigurationList section */
		EF0809541D5C8261007A8EAE /* Build configuration list for PBXProject "GymManager" */ = {
			isa = XCConfigurationList;
			buildConfigurations = (
				EF08096E1D5C8261007A8EAE /* Debug */,
				EF08096F1D5C8261007A8EAE /* Release */,
			);
			defaultConfigurationIsVisible = 0;
			defaultConfigurationName = Release;
		};
		EF0809701D5C8261007A8EAE /* Build configuration list for PBXNativeTarget "GymManager" */ = {
			isa = XCConfigurationList;
			buildConfigurations = (
				EF0809711D5C8261007A8EAE /* Debug */,
				EF0809721D5C8261007A8EAE /* Release */,
			);
			defaultConfigurationIsVisible = 0;
			defaultConfigurationName = Release;
		};
/* End XCConfigurationList section */
	};
	rootObject = EF0809511D5C8261007A8EAE /* Project object */;
}
